
Microsoft Visual Studio Solution File, Format Version 12.00
# Visual Studio Version 16
VisualStudioVersion = 16.0.29102.190
MinimumVisualStudioVersion = 10.0.40219.1
Project("{FAE04EC0-301F-11D3-BF4B-00C04F79EFBC}") = "Eatery", "Eatery\Eatery.csproj", "{EC77C658-EBDC-4587-9A9A-D6DE67538CA3}"
EndProject
Global
	GlobalSection(SolutionConfigurationPlatforms) = preSolution
		Debug|Any CPU = Debug|Any CPU
		Release|Any CPU = Release|Any CPU
	EndGlobalSection
	GlobalSection(ProjectConfigurationPlatforms) = postSolution
		{EC77C658-EBDC-4587-9A9A-D6DE67538CA3}.Debug|Any CPU.ActiveCfg = Debug|Any CPU
		{EC77C658-EBDC-4587-9A9A-D6DE67538CA3}.Debug|Any CPU.Build.0 = Debug|Any CPU
		{EC77C658-EBDC-4587-9A9A-D6DE67538CA3}.Release|Any CPU.ActiveCfg = Release|Any CPU
		{EC77C658-EBDC-4587-9A9A-D6DE67538CA3}.Release|Any CPU.Build.0 = Release|Any CPU
	EndGlobalSection
	GlobalSection(SolutionProperties) = preSolution
		HideSolutionNode = FALSE
	EndGlobalSection
	GlobalSection(ExtensibilityGlobals) = postSolution
		SolutionGuid = {5B898D6B-9C80-45CB-9896-88E8E2DA09B3}
	EndGlobalSection
EndGlobal
